
Microsoft Visual Studio Solution File, Format Version 12.00
# Visual Studio 15
VisualStudioVersion = 15.0.28307.489
MinimumVisualStudioVersion = 10.0.40219.1
Project("{FAE04EC0-301F-11D3-BF4B-00C04F79EFBC}") = "PeluqueriaCanWash", "PeluqueriaCanWash\PeluqueriaCanWash.csproj", "{433AE02D-7310-440B-81AE-574AAB513F63}"
EndProject
Global
	GlobalSection(SolutionConfigurationPlatforms) = preSolution
		Debug|Any CPU = Debug|Any CPU
		Release|Any CPU = Release|Any CPU
	EndGlobalSection
	GlobalSection(ProjectConfigurationPlatforms) = postSolution
		{433AE02D-7310-440B-81AE-574AAB513F63}.Debug|Any CPU.ActiveCfg = Debug|Any CPU
		{433AE02D-7310-440B-81AE-574AAB513F63}.Debug|Any CPU.Build.0 = Debug|Any CPU
		{433AE02D-7310-440B-81AE-574AAB513F63}.Release|Any CPU.ActiveCfg = Release|Any CPU
		{433AE02D-7310-440B-81AE-574AAB513F63}.Release|Any CPU.Build.0 = Release|Any CPU
	EndGlobalSection
	GlobalSection(SolutionProperties) = preSolution
		HideSolutionNode = FALSE
	EndGlobalSection
	GlobalSection(ExtensibilityGlobals) = postSolution
		SolutionGuid = {C07C4B61-5F20-450A-8769-CD5C1EDFB38F}
	EndGlobalSection
EndGlobal
